// !$*UTF8*$!
{
	archiveVersion = 1;
	classes = {
	};
	objectVersion = 51;
	objects = {

/* Begin PBXBuildFile section */
		B0173168256F61F70005906D /* AppDelegate.swift in Sources */ = {isa = PBXBuildFile; fileRef = B0173167256F61F70005906D /* AppDelegate.swift */; };
		B017316A256F61F70005906D /* SceneDelegate.swift in Sources */ = {isa = PBXBuildFile; fileRef = B0173169256F61F70005906D /* SceneDelegate.swift */; };
		B017316C256F61F70005906D /* GenreMoviesViewController.swift in Sources */ = {isa = PBXBuildFile; fileRef = B017316B256F61F70005906D /* GenreMoviesViewController.swift */; };
		B017316F256F61F70005906D /* Main.storyboard in Resources */ = {isa = PBXBuildFile; fileRef = B017316D256F61F70005906D /* Main.storyboard */; };
		B0173171256F61F80005906D /* Assets.xcassets in Resources */ = {isa = PBXBuildFile; fileRef = B0173170256F61F80005906D /* Assets.xcassets */; };
		B0173174256F61F80005906D /* LaunchScreen.storyboard in Resources */ = {isa = PBXBuildFile; fileRef = B0173172256F61F80005906D /* LaunchScreen.storyboard */; };
		B0173186256F62CF0005906D /* K.swift in Sources */ = {isa = PBXBuildFile; fileRef = B0173185256F62CF0005906D /* K.swift */; };
		B02A7306256FD5B40017835B /* BaseViewController.swift in Sources */ = {isa = PBXBuildFile; fileRef = B02A7305256FD5B40017835B /* BaseViewController.swift */; };
		B02A7309256FD94A0017835B /* Service.swift in Sources */ = {isa = PBXBuildFile; fileRef = B02A7308256FD94A0017835B /* Service.swift */; };
		B059F8A12570E81B00377E12 /* Review.swift in Sources */ = {isa = PBXBuildFile; fileRef = B059F8A02570E81B00377E12 /* Review.swift */; };
		B069CFEC256FCC5800747E34 /* ListMovieViewController.swift in Sources */ = {isa = PBXBuildFile; fileRef = B069CFEB256FCC5800747E34 /* ListMovieViewController.swift */; };
		B069CFEF256FCC9000747E34 /* ListReviewViewController.swift in Sources */ = {isa = PBXBuildFile; fileRef = B069CFEE256FCC9000747E34 /* ListReviewViewController.swift */; };
		B069CFF2256FCEFF00747E34 /* MovieViewController.swift in Sources */ = {isa = PBXBuildFile; fileRef = B069CFF1256FCEFF00747E34 /* MovieViewController.swift */; };
		B0A36FC725715572001C10EA /* Genre.swift in Sources */ = {isa = PBXBuildFile; fileRef = B0A36FC625715572001C10EA /* Genre.swift */; };
		B0DAFCB12571176400766079 /* Video.swift in Sources */ = {isa = PBXBuildFile; fileRef = B0DAFCB02571176300766079 /* Video.swift */; };
		B0DAFCB525712B3400766079 /* ReviewTableViewCell.swift in Sources */ = {isa = PBXBuildFile; fileRef = B0DAFCB325712B3400766079 /* ReviewTableViewCell.swift */; };
		B0DAFCB625712B3400766079 /* ReviewTableViewCell.xib in Resources */ = {isa = PBXBuildFile; fileRef = B0DAFCB425712B3400766079 /* ReviewTableViewCell.xib */; };
		B0DAFCB9257134A300766079 /* ExtesionTableView.swift in Sources */ = {isa = PBXBuildFile; fileRef = B0DAFCB8257134A300766079 /* ExtesionTableView.swift */; };
		B0DAFCBD257137A000766079 /* MovieTableViewCell.swift in Sources */ = {isa = PBXBuildFile; fileRef = B0DAFCBB257137A000766079 /* MovieTableViewCell.swift */; };
		B0DAFCBE257137A000766079 /* MovieTableViewCell.xib in Resources */ = {isa = PBXBuildFile; fileRef = B0DAFCBC257137A000766079 /* MovieTableViewCell.xib */; };
		B0DF72DF257027870061DB82 /* Movie.swift in Sources */ = {isa = PBXBuildFile; fileRef = B0DF72DE257027870061DB82 /* Movie.swift */; };
		E3D1E0286602DCFED963FE32 /* Pods_TMDB.framework in Frameworks */ = {isa = PBXBuildFile; fileRef = E40E9CE6056F0A30B5FC69E2 /* Pods_TMDB.framework */; };
/* End PBXBuildFile section */

/* Begin PBXFileReference section */
		553C6131BBF431CFC770036D /* Pods-TMDB.release.xcconfig */ = {isa = PBXFileReference; includeInIndex = 1; lastKnownFileType = text.xcconfig; name = "Pods-TMDB.release.xcconfig"; path = "Target Support Files/Pods-TMDB/Pods-TMDB.release.xcconfig"; sourceTree = "<group>"; };
		76169F35F64C0A400974A907 /* Pods-TMDB.debug.xcconfig */ = {isa = PBXFileReference; includeInIndex = 1; lastKnownFileType = text.xcconfig; name = "Pods-TMDB.debug.xcconfig"; path = "Target Support Files/Pods-TMDB/Pods-TMDB.debug.xcconfig"; sourceTree = "<group>"; };
		B0173164256F61F70005906D /* TMDB.app */ = {isa = PBXFileReference; explicitFileType = wrapper.application; includeInIndex = 0; path = TMDB.app; sourceTree = BUILT_PRODUCTS_DIR; };
		B0173167256F61F70005906D /* AppDelegate.swift */ = {isa = PBXFileReference; lastKnownFileType = sourcecode.swift; path = AppDelegate.swift; sourceTree = "<group>"; };
		B0173169256F61F70005906D /* SceneDelegate.swift */ = {isa = PBXFileReference; lastKnownFileType = sourcecode.swift; path = SceneDelegate.swift; sourceTree = "<group>"; };
		B017316B256F61F70005906D /* GenreMoviesViewController.swift */ = {isa = PBXFileReference; lastKnownFileType = sourcecode.swift; path = GenreMoviesViewController.swift; sourceTree = "<group>"; };
		B017316E256F61F70005906D /* Base */ = {isa = PBXFileReference; lastKnownFileType = file.storyboard; name = Base; path = Base.lproj/Main.storyboard; sourceTree = "<group>"; };
		B0173170256F61F80005906D /* Assets.xcassets */ = {isa = PBXFileReference; lastKnownFileType = folder.assetcatalog; path = Assets.xcassets; sourceTree = "<group>"; };
		B0173173256F61F80005906D /* Base */ = {isa = PBXFileReference; lastKnownFileType = file.storyboard; name = Base; path = Base.lproj/LaunchScreen.storyboard; sourceTree = "<group>"; };
		B0173175256F61F80005906D /* Info.plist */ = {isa = PBXFileReference; lastKnownFileType = text.plist.xml; path = Info.plist; sourceTree = "<group>"; };
		B0173185256F62CF0005906D /* K.swift */ = {isa = PBXFileReference; lastKnownFileType = sourcecode.swift; path = K.swift; sourceTree = "<group>"; };
		B02A7305256FD5B40017835B /* BaseViewController.swift */ = {isa = PBXFileReference; lastKnownFileType = sourcecode.swift; path = BaseViewController.swift; sourceTree = "<group>"; };
		B02A7308256FD94A0017835B /* Service.swift */ = {isa = PBXFileReference; lastKnownFileType = sourcecode.swift; path = Service.swift; sourceTree = "<group>"; };
		B059F8A02570E81B00377E12 /* Review.swift */ = {isa = PBXFileReference; lastKnownFileType = sourcecode.swift; path = Review.swift; sourceTree = "<group>"; };
		B069CFEB256FCC5800747E34 /* ListMovieViewController.swift */ = {isa = PBXFileReference; lastKnownFileType = sourcecode.swift; path = ListMovieViewController.swift; sourceTree = "<group>"; };
		B069CFEE256FCC9000747E34 /* ListReviewViewController.swift */ = {isa = PBXFileReference; lastKnownFileType = sourcecode.swift; path = ListReviewViewController.swift; sourceTree = "<group>"; };
		B069CFF1256FCEFF00747E34 /* MovieViewController.swift */ = {isa = PBXFileReference; lastKnownFileType = sourcecode.swift; path = MovieViewController.swift; sourceTree = "<group>"; };
		B0A36FC625715572001C10EA /* Genre.swift */ = {isa = PBXFileReference; lastKnownFileType = sourcecode.swift; path = Genre.swift; sourceTree = "<group>"; };
		B0DAFCB02571176300766079 /* Video.swift */ = {isa = PBXFileReference; lastKnownFileType = sourcecode.swift; path = Video.swift; sourceTree = "<group>"; };
		B0DAFCB325712B3400766079 /* ReviewTableViewCell.swift */ = {isa = PBXFileReference; lastKnownFileType = sourcecode.swift; path = ReviewTableViewCell.swift; sourceTree = "<group>"; };
		B0DAFCB425712B3400766079 /* ReviewTableViewCell.xib */ = {isa = PBXFileReference; lastKnownFileType = file.xib; path = ReviewTableViewCell.xib; sourceTree = "<group>"; };
		B0DAFCB8257134A300766079 /* ExtesionTableView.swift */ = {isa = PBXFileReference; lastKnownFileType = sourcecode.swift; path = ExtesionTableView.swift; sourceTree = "<group>"; };
		B0DAFCBB257137A000766079 /* MovieTableViewCell.swift */ = {isa = PBXFileReference; lastKnownFileType = sourcecode.swift; path = MovieTableViewCell.swift; sourceTree = "<group>"; };
		B0DAFCBC257137A000766079 /* MovieTableViewCell.xib */ = {isa = PBXFileReference; lastKnownFileType = file.xib; path = MovieTableViewCell.xib; sourceTree = "<group>"; };
		B0DF72DE257027870061DB82 /* Movie.swift */ = {isa = PBXFileReference; lastKnownFileType = sourcecode.swift; path = Movie.swift; sourceTree = "<group>"; };
		E40E9CE6056F0A30B5FC69E2 /* Pods_TMDB.framework */ = {isa = PBXFileReference; explicitFileType = wrapper.framework; includeInIndex = 0; path = Pods_TMDB.framework; sourceTree = BUILT_PRODUCTS_DIR; };
/* End PBXFileReference section */

/* Begin PBXFrameworksBuildPhase section */
		B0173161256F61F70005906D /* Frameworks */ = {
			isa = PBXFrameworksBuildPhase;
			buildActionMask = 2147483647;
			files = (
				E3D1E0286602DCFED963FE32 /* Pods_TMDB.framework in Frameworks */,
			);
			runOnlyForDeploymentPostprocessing = 0;
		};
/* End PBXFrameworksBuildPhase section */

/* Begin PBXGroup section */
		38FE6E2FCFB6908B768762D5 /* Pods */ = {
			isa = PBXGroup;
			children = (
				76169F35F64C0A400974A907 /* Pods-TMDB.debug.xcconfig */,
				553C6131BBF431CFC770036D /* Pods-TMDB.release.xcconfig */,
			);
			path = Pods;
			sourceTree = "<group>";
		};
		3C3D7F53FB542B53305C9EB7 /* Frameworks */ = {
			isa = PBXGroup;
			children = (
				E40E9CE6056F0A30B5FC69E2 /* Pods_TMDB.framework */,
			);
			name = Frameworks;
			sourceTree = "<group>";
		};
		B017315B256F61F60005906D = {
			isa = PBXGroup;
			children = (
				B0173166256F61F70005906D /* TMDB */,
				B0173165256F61F70005906D /* Products */,
				38FE6E2FCFB6908B768762D5 /* Pods */,
				3C3D7F53FB542B53305C9EB7 /* Frameworks */,
			);
			sourceTree = "<group>";
		};
		B0173165256F61F70005906D /* Products */ = {
			isa = PBXGroup;
			children = (
				B0173164256F61F70005906D /* TMDB.app */,
			);
			name = Products;
			sourceTree = "<group>";
		};
		B0173166256F61F70005906D /* TMDB */ = {
			isa = PBXGroup;
			children = (
				B0173184256F62BE0005906D /* Helper */,
				B0173167256F61F70005906D /* AppDelegate.swift */,
				B0173169256F61F70005906D /* SceneDelegate.swift */,
				B017317F256F62310005906D /* Model */,
				B017317C256F62200005906D /* View */,
				B017317D256F622A0005906D /* Controller */,
				B0173175256F61F80005906D /* Info.plist */,
			);
			path = TMDB;
			sourceTree = "<group>";
		};
		B017317C256F62200005906D /* View */ = {
			isa = PBXGroup;
			children = (
				B0173170256F61F80005906D /* Assets.xcassets */,
				B0173172256F61F80005906D /* LaunchScreen.storyboard */,
				B017316D256F61F70005906D /* Main.storyboard */,
				B0DAFCB325712B3400766079 /* ReviewTableViewCell.swift */,
				B0DAFCB425712B3400766079 /* ReviewTableViewCell.xib */,
				B0DAFCB8257134A300766079 /* ExtesionTableView.swift */,
				B0DAFCBB257137A000766079 /* MovieTableViewCell.swift */,
				B0DAFCBC257137A000766079 /* MovieTableViewCell.xib */,
			);
			path = View;
			sourceTree = "<group>";
		};
		B017317D256F622A0005906D /* Controller */ = {
			isa = PBXGroup;
			children = (
				B017316B256F61F70005906D /* GenreMoviesViewController.swift */,
				B069CFEB256FCC5800747E34 /* ListMovieViewController.swift */,
				B069CFEE256FCC9000747E34 /* ListReviewViewController.swift */,
				B069CFF1256FCEFF00747E34 /* MovieViewController.swift */,
				B02A7305256FD5B40017835B /* BaseViewController.swift */,
			);
			path = Controller;
			sourceTree = "<group>";
		};
		B017317F256F62310005906D /* Model */ = {
			isa = PBXGroup;
			children = (
				B0A36FC625715572001C10EA /* Genre.swift */,
				B0DF72DE257027870061DB82 /* Movie.swift */,
				B059F8A02570E81B00377E12 /* Review.swift */,
				B0DAFCB02571176300766079 /* Video.swift */,
			);
			path = Model;
			sourceTree = "<group>";
		};
		B0173184256F62BE0005906D /* Helper */ = {
			isa = PBXGroup;
			children = (
				B0173185256F62CF0005906D /* K.swift */,
				B02A7308256FD94A0017835B /* Service.swift */,
			);
			path = Helper;
			sourceTree = "<group>";
		};
/* End PBXGroup section */

/* Begin PBXNativeTarget section */
		B0173163256F61F70005906D /* TMDB */ = {
			isa = PBXNativeTarget;
			buildConfigurationList = B0173178256F61F80005906D /* Build configuration list for PBXNativeTarget "TMDB" */;
			buildPhases = (
				2F88AEC1F8A2A647394FE94E /* [CP] Check Pods Manifest.lock */,
				B0173160256F61F70005906D /* Sources */,
				B0173161256F61F70005906D /* Frameworks */,
				B0173162256F61F70005906D /* Resources */,
				25FA549DACC74772326C52F3 /* [CP] Embed Pods Frameworks */,
			);
			buildRules = (
			);
			dependencies = (
			);
			name = TMDB;
			productName = TMDB;
			productReference = B0173164256F61F70005906D /* TMDB.app */;
			productType = "com.apple.product-type.application";
		};
/* End PBXNativeTarget section */

/* Begin PBXProject section */
		B017315C256F61F60005906D /* Project object */ = {
			isa = PBXProject;
			attributes = {
				LastSwiftUpdateCheck = 1220;
				LastUpgradeCheck = 1220;
				TargetAttributes = {
					B0173163256F61F70005906D = {
						CreatedOnToolsVersion = 12.2;
					};
				};
			};
			buildConfigurationList = B017315F256F61F60005906D /* Build configuration list for PBXProject "TMDB" */;
			compatibilityVersion = "Xcode 9.3";
			developmentRegion = en;
			hasScannedForEncodings = 0;
			knownRegions = (
				en,
				Base,
			);
			mainGroup = B017315B256F61F60005906D;
			productRefGroup = B0173165256F61F70005906D /* Products */;
			projectDirPath = "";
			projectRoot = "";
			targets = (
				B0173163256F61F70005906D /* TMDB */,
			);
		};
/* End PBXProject section */

/* Begin PBXResourcesBuildPhase section */
		B0173162256F61F70005906D /* Resources */ = {
			isa = PBXResourcesBuildPhase;
			buildActionMask = 2147483647;
			files = (
				B0173174256F61F80005906D /* LaunchScreen.storyboard in Resources */,
				B0DAFCBE257137A000766079 /* MovieTableViewCell.xib in Resources */,
				B0DAFCB625712B3400766079 /* ReviewTableViewCell.xib in Resources */,
				B0173171256F61F80005906D /* Assets.xcassets in Resources */,
				B017316F256F61F70005906D /* Main.storyboard in Resources */,
			);
			runOnlyForDeploymentPostprocessing = 0;
		};
/* End PBXResourcesBuildPhase section */

/* Begin PBXShellScriptBuildPhase section */
		25FA549DACC74772326C52F3 /* [CP] Embed Pods Frameworks */ = {
			isa = PBXShellScriptBuildPhase;
			buildActionMask = 2147483647;
			files = (
			);
			inputFileListPaths = (
				"${PODS_ROOT}/Target Support Files/Pods-TMDB/Pods-TMDB-frameworks-${CONFIGURATION}-input-files.xcfilelist",
			);
			name = "[CP] Embed Pods Frameworks";
			outputFileListPaths = (
				"${PODS_ROOT}/Target Support Files/Pods-TMDB/Pods-TMDB-frameworks-${CONFIGURATION}-output-files.xcfilelist",
			);
			runOnlyForDeploymentPostprocessing = 0;
			shellPath = /bin/sh;
			shellScript = "\"${PODS_ROOT}/Target Support Files/Pods-TMDB/Pods-TMDB-frameworks.sh\"\n";
			showEnvVarsInLog = 0;
		};
		2F88AEC1F8A2A647394FE94E /* [CP] Check Pods Manifest.lock */ = {
			isa = PBXShellScriptBuildPhase;
			buildActionMask = 2147483647;
			files = (
			);
			inputFileListPaths = (
			);
			inputPaths = (
				"${PODS_PODFILE_DIR_PATH}/Podfile.lock",
				"${PODS_ROOT}/Manifest.lock",
			);
			name = "[CP] Check Pods Manifest.lock";
			outputFileListPaths = (
			);
			outputPaths = (
				"$(DERIVED_FILE_DIR)/Pods-TMDB-checkManifestLockResult.txt",
			);
			runOnlyForDeploymentPostprocessing = 0;
			shellPath = /bin/sh;
			shellScript = "diff \"${PODS_PODFILE_DIR_PATH}/Podfile.lock\" \"${PODS_ROOT}/Manifest.lock\" > /dev/null\nif [ $? != 0 ] ; then\n    # print error to STDERR\n    echo \"error: The sandbox is not in sync with the Podfile.lock. Run 'pod install' or update your CocoaPods installation.\" >&2\n    exit 1\nfi\n# This output is used by Xcode 'outputs' to avoid re-running this script phase.\necho \"SUCCESS\" > \"${SCRIPT_OUTPUT_FILE_0}\"\n";
			showEnvVarsInLog = 0;
		};
/* End PBXShellScriptBuildPhase section */

/* Begin PBXSourcesBuildPhase section */
		B0173160256F61F70005906D /* Sources */ = {
			isa = PBXSourcesBuildPhase;
			buildActionMask = 2147483647;
			files = (
				B017316C256F61F70005906D /* GenreMoviesViewController.swift in Sources */,
				B0173186256F62CF0005906D /* K.swift in Sources */,
				B0173168256F61F70005906D /* AppDelegate.swift in Sources */,
				B069CFF2256FCEFF00747E34 /* MovieViewController.swift in Sources */,
				B017316A256F61F70005906D /* SceneDelegate.swift in Sources */,
				B0DAFCB525712B3400766079 /* ReviewTableViewCell.swift in Sources */,
				B0DAFCBD257137A000766079 /* MovieTableViewCell.swift in Sources */,
				B059F8A12570E81B00377E12 /* Review.swift in Sources */,
				B02A7306256FD5B40017835B /* BaseViewController.swift in Sources */,
				B0A36FC725715572001C10EA /* Genre.swift in Sources */,
				B02A7309256FD94A0017835B /* Service.swift in Sources */,
				B0DAFCB12571176400766079 /* Video.swift in Sources */,
				B069CFEF256FCC9000747E34 /* ListReviewViewController.swift in Sources */,
				B0DF72DF257027870061DB82 /* Movie.swift in Sources */,
				B0DAFCB9257134A300766079 /* ExtesionTableView.swift in Sources */,
				B069CFEC256FCC5800747E34 /* ListMovieViewController.swift in Sources */,
			);
			runOnlyForDeploymentPostprocessing = 0;
		};
/* End PBXSourcesBuildPhase section */

/* Begin PBXVariantGroup section */
		B017316D256F61F70005906D /* Main.storyboard */ = {
			isa = PBXVariantGroup;
			children = (
				B017316E256F61F70005906D /* Base */,
			);
			name = Main.storyboard;
			sourceTree = "<group>";
		};
		B0173172256F61F80005906D /* LaunchScreen.storyboard */ = {
			isa = PBXVariantGroup;
			children = (
				B0173173256F61F80005906D /* Base */,
			);
			name = LaunchScreen.storyboard;
			sourceTree = "<group>";
		};
/* End PBXVariantGroup section */

/* Begin XCBuildConfiguration section */
		B0173176256F61F80005906D /* Debug */ = {
			isa = XCBuildConfiguration;
			buildSettings = {
				ALWAYS_SEARCH_USER_PATHS = NO;
				CLANG_ANALYZER_NONNULL = YES;
				CLANG_ANALYZER_NUMBER_OBJECT_CONVERSION = YES_AGGRESSIVE;
				CLANG_CXX_LANGUAGE_STANDARD = "gnu++14";
				CLANG_CXX_LIBRARY = "libc++";
				CLANG_ENABLE_MODULES = YES;
				CLANG_ENABLE_OBJC_ARC = YES;
				CLANG_ENABLE_OBJC_WEAK = YES;
				CLANG_WARN_BLOCK_CAPTURE_AUTORELEASING = YES;
				CLANG_WARN_BOOL_CONVERSION = YES;
				CLANG_WARN_COMMA = YES;
				CLANG_WARN_CONSTANT_CONVERSION = YES;
				CLANG_WARN_DEPRECATED_OBJC_IMPLEMENTATIONS = YES;
				CLANG_WARN_DIRECT_OBJC_ISA_USAGE = YES_ERROR;
				CLANG_WARN_DOCUMENTATION_COMMENTS = YES;
				CLANG_WARN_EMPTY_BODY = YES;
				CLANG_WARN_ENUM_CONVERSION = YES;
				CLANG_WARN_INFINITE_RECURSION = YES;
				CLANG_WARN_INT_CONVERSION = YES;
				CLANG_WARN_NON_LITERAL_NULL_CONVERSION = YES;
				CLANG_WARN_OBJC_IMPLICIT_RETAIN_SELF = YES;
				CLANG_WARN_OBJC_LITERAL_CONVERSION = YES;
				CLANG_WARN_OBJC_ROOT_CLASS = YES_ERROR;
				CLANG_WARN_QUOTED_INCLUDE_IN_FRAMEWORK_HEADER = YES;
				CLANG_WARN_RANGE_LOOP_ANALYSIS = YES;
				CLANG_WARN_STRICT_PROTOTYPES = YES;
				CLANG_WARN_SUSPICIOUS_MOVE = YES;
				CLANG_WARN_UNGUARDED_AVAILABILITY = YES_AGGRESSIVE;
				CLANG_WARN_UNREACHABLE_CODE = YES;
				CLANG_WARN__DUPLICATE_METHOD_MATCH = YES;
				COPY_PHASE_STRIP = NO;
				DEBUG_INFORMATION_FORMAT = dwarf;
				ENABLE_STRICT_OBJC_MSGSEND = YES;
				ENABLE_TESTABILITY = YES;
				GCC_C_LANGUAGE_STANDARD = gnu11;
				GCC_DYNAMIC_NO_PIC = NO;
				GCC_NO_COMMON_BLOCKS = YES;
				GCC_OPTIMIZATION_LEVEL = 0;
				GCC_PREPROCESSOR_DEFINITIONS = (
					"DEBUG=1",
					"$(inherited)",
				);
				GCC_WARN_64_TO_32_BIT_CONVERSION = YES;
				GCC_WARN_ABOUT_RETURN_TYPE = YES_ERROR;
				GCC_WARN_UNDECLARED_SELECTOR = YES;
				GCC_WARN_UNINITIALIZED_AUTOS = YES_AGGRESSIVE;
				GCC_WARN_UNUSED_FUNCTION = YES;
				GCC_WARN_UNUSED_VARIABLE = YES;
				IPHONEOS_DEPLOYMENT_TARGET = 13.3;
				MTL_ENABLE_DEBUG_INFO = INCLUDE_SOURCE;
				MTL_FAST_MATH = YES;
				ONLY_ACTIVE_ARCH = YES;
				SDKROOT = iphoneos;
				SWIFT_ACTIVE_COMPILATION_CONDITIONS = DEBUG;
				SWIFT_OPTIMIZATION_LEVEL = "-Onone";
			};
			name = Debug;
		};
		B0173177256F61F80005906D /* Release */ = {
			isa = XCBuildConfiguration;
			buildSettings = {
				ALWAYS_SEARCH_USER_PATHS = NO;
				CLANG_ANALYZER_NONNULL = YES;
				CLANG_ANALYZER_NUMBER_OBJECT_CONVERSION = YES_AGGRESSIVE;
				CLANG_CXX_LANGUAGE_STANDARD = "gnu++14";
				CLANG_CXX_LIBRARY = "libc++";
				CLANG_ENABLE_MODULES = YES;
				CLANG_ENABLE_OBJC_ARC = YES;
				CLANG_ENABLE_OBJC_WEAK = YES;
				CLANG_WARN_BLOCK_CAPTURE_AUTORELEASING = YES;
				CLANG_WARN_BOOL_CONVERSION = YES;
				CLANG_WARN_COMMA = YES;
				CLANG_WARN_CONSTANT_CONVERSION = YES;
				CLANG_WARN_DEPRECATED_OBJC_IMPLEMENTATIONS = YES;
				CLANG_WARN_DIRECT_OBJC_ISA_USAGE = YES_ERROR;
				CLANG_WARN_DOCUMENTATION_COMMENTS = YES;
				CLANG_WARN_EMPTY_BODY = YES;
				CLANG_WARN_ENUM_CONVERSION = YES;
				CLANG_WARN_INFINITE_RECURSION = YES;
				CLANG_WARN_INT_CONVERSION = YES;
				CLANG_WARN_NON_LITERAL_NULL_CONVERSION = YES;
				CLANG_WARN_OBJC_IMPLICIT_RETAIN_SELF = YES;
				CLANG_WARN_OBJC_LITERAL_CONVERSION = YES;
				CLANG_WARN_OBJC_ROOT_CLASS = YES_ERROR;
				CLANG_WARN_QUOTED_INCLUDE_IN_FRAMEWORK_HEADER = YES;
				CLANG_WARN_RANGE_LOOP_ANALYSIS = YES;
				CLANG_WARN_STRICT_PROTOTYPES = YES;
				CLANG_WARN_SUSPICIOUS_MOVE = YES;
				CLANG_WARN_UNGUARDED_AVAILABILITY = YES_AGGRESSIVE;
				CLANG_WARN_UNREACHABLE_CODE = YES;
				CLANG_WARN__DUPLICATE_METHOD_MATCH = YES;
				COPY_PHASE_STRIP = NO;
				DEBUG_INFORMATION_FORMAT = "dwarf-with-dsym";
				ENABLE_NS_ASSERTIONS = NO;
				ENABLE_STRICT_OBJC_MSGSEND = YES;
				GCC_C_LANGUAGE_STANDARD = gnu11;
				GCC_NO_COMMON_BLOCKS = YES;
				GCC_WARN_64_TO_32_BIT_CONVERSION = YES;
				GCC_WARN_ABOUT_RETURN_TYPE = YES_ERROR;
				GCC_WARN_UNDECLARED_SELECTOR = YES;
				GCC_WARN_UNINITIALIZED_AUTOS = YES_AGGRESSIVE;
				GCC_WARN_UNUSED_FUNCTION = YES;
				GCC_WARN_UNUSED_VARIABLE = YES;
				IPHONEOS_DEPLOYMENT_TARGET = 13.3;
				MTL_ENABLE_DEBUG_INFO = NO;
				MTL_FAST_MATH = YES;
				SDKROOT = iphoneos;
				SWIFT_COMPILATION_MODE = wholemodule;
				SWIFT_OPTIMIZATION_LEVEL = "-O";
				VALIDATE_PRODUCT = YES;
			};
			name = Release;
		};
		B0173179256F61F80005906D /* Debug */ = {
			isa = XCBuildConfiguration;
			baseConfigurationReference = 76169F35F64C0A400974A907 /* Pods-TMDB.debug.xcconfig */;
			buildSettings = {
				ASSETCATALOG_COMPILER_APPICON_NAME = AppIcon;
				ASSETCATALOG_COMPILER_GLOBAL_ACCENT_COLOR_NAME = AccentColor;
				CODE_SIGN_STYLE = Automatic;
				DEVELOPMENT_TEAM = 3L73K388LH;
				INFOPLIST_FILE = TMDB/Info.plist;
				IPHONEOS_DEPLOYMENT_TARGET = 13.0;
				LD_RUNPATH_SEARCH_PATHS = (
					"$(inherited)",
					"@executable_path/Frameworks",
				);
				PRODUCT_BUNDLE_IDENTIFIER = com.denny.TMDB;
				PRODUCT_NAME = "$(TARGET_NAME)";
				SWIFT_VERSION = 5.0;
				TARGETED_DEVICE_FAMILY = 1;
			};
			name = Debug;
		};
		B017317A256F61F80005906D /* Release */ = {
			isa = XCBuildConfiguration;
			baseConfigurationReference = 553C6131BBF431CFC770036D /* Pods-TMDB.release.xcconfig */;
			buildSettings = {
				ASSETCATALOG_COMPILER_APPICON_NAME = AppIcon;
				ASSETCATALOG_COMPILER_GLOBAL_ACCENT_COLOR_NAME = AccentColor;
				CODE_SIGN_STYLE = Automatic;
				DEVELOPMENT_TEAM = 3L73K388LH;
				INFOPLIST_FILE = TMDB/Info.plist;
				IPHONEOS_DEPLOYMENT_TARGET = 13.0;
				LD_RUNPATH_SEARCH_PATHS = (
					"$(inherited)",
					"@executable_path/Frameworks",
				);
				PRODUCT_BUNDLE_IDENTIFIER = com.denny.TMDB;
				PRODUCT_NAME = "$(TARGET_NAME)";
				SWIFT_VERSION = 5.0;
				TARGETED_DEVICE_FAMILY = 1;
			};
			name = Release;
		};
/* End XCBuildConfiguration section */

/* Begin XCConfigurationList section */
		B017315F256F61F60005906D /* Build configuration list for PBXProject "TMDB" */ = {
			isa = XCConfigurationList;
			buildConfigurations = (
				B0173176256F61F80005906D /* Debug */,
				B0173177256F61F80005906D /* Release */,
			);
			defaultConfigurationIsVisible = 0;
			defaultConfigurationName = Release;
		};
		B0173178256F61F80005906D /* Build configuration list for PBXNativeTarget "TMDB" */ = {
			isa = XCConfigurationList;
			buildConfigurations = (
				B0173179256F61F80005906D /* Debug */,
				B017317A256F61F80005906D /* Release */,
			);
			defaultConfigurationIsVisible = 0;
			defaultConfigurationName = Release;
		};
/* End XCConfigurationList section */
	};
	rootObject = B017315C256F61F60005906D /* Project object */;
}
